
Microsoft Visual Studio Solution File, Format Version 12.00
# Visual Studio Version 16
VisualStudioVersion = 16.0.808.7
MinimumVisualStudioVersion = 10.0.40219.1
Project("{FAE04EC0-301F-11D3-BF4B-00C04F79EFBC}") = "DocUp", "DocUp\DocUp.csproj", "{DC367B45-DE22-4106-BA04-7F68E442E5F9}"
EndProject
Global
	GlobalSection(SolutionConfigurationPlatforms) = preSolution
		Debug|Any CPU = Debug|Any CPU
		Release|Any CPU = Release|Any CPU
	EndGlobalSection
	GlobalSection(ProjectConfigurationPlatforms) = postSolution
		{DC367B45-DE22-4106-BA04-7F68E442E5F9}.Debug|Any CPU.ActiveCfg = Debug|Any CPU
		{DC367B45-DE22-4106-BA04-7F68E442E5F9}.Debug|Any CPU.Build.0 = Debug|Any CPU
		{DC367B45-DE22-4106-BA04-7F68E442E5F9}.Release|Any CPU.ActiveCfg = Release|Any CPU
		{DC367B45-DE22-4106-BA04-7F68E442E5F9}.Release|Any CPU.Build.0 = Release|Any CPU
	EndGlobalSection
	GlobalSection(SolutionProperties) = preSolution
		HideSolutionNode = FALSE
	EndGlobalSection
	GlobalSection(ExtensibilityGlobals) = postSolution
		SolutionGuid = {19DBA330-F0AA-44A9-B57B-F921D4830D5C}
	EndGlobalSection
EndGlobal
